
Microsoft Visual Studio Solution File, Format Version 12.00
# Visual Studio Version 17
VisualStudioVersion = 17.12.35707.178
MinimumVisualStudioVersion = 10.0.40219.1
Project("{FAE04EC0-301F-11D3-BF4B-00C04F79EFBC}") = "C64BasisRenum", "C64BasisRenum\C64BasisRenum.csproj", "{F9D31AD5-95B2-48F1-83F6-1A43513DF138}"
EndProject
Project("{2150E333-8FDC-42A3-9474-1A3956D46DE8}") = "Solution Items", "Solution Items", "{EAAC7FF6-3D65-444B-A49E-01215873BA06}"
	ProjectSection(SolutionItems) = preProject
		README.md = README.md
	EndProjectSection
EndProject
Global
	GlobalSection(SolutionConfigurationPlatforms) = preSolution
		Debug|Any CPU = Debug|Any CPU
		Release|Any CPU = Release|Any CPU
	EndGlobalSection
	GlobalSection(ProjectConfigurationPlatforms) = postSolution
		{F9D31AD5-95B2-48F1-83F6-1A43513DF138}.Debug|Any CPU.ActiveCfg = Debug|Any CPU
		{F9D31AD5-95B2-48F1-83F6-1A43513DF138}.Debug|Any CPU.Build.0 = Debug|Any CPU
		{F9D31AD5-95B2-48F1-83F6-1A43513DF138}.Release|Any CPU.ActiveCfg = Release|Any CPU
		{F9D31AD5-95B2-48F1-83F6-1A43513DF138}.Release|Any CPU.Build.0 = Release|Any CPU
	EndGlobalSection
	GlobalSection(SolutionProperties) = preSolution
		HideSolutionNode = FALSE
	EndGlobalSection
EndGlobal
